
Microsoft Visual Studio Solution File, Format Version 12.00
# Visual Studio Version 17
VisualStudioVersion = 17.12.35323.107
MinimumVisualStudioVersion = 10.0.40219.1
Project("{FAE04EC0-301F-11D3-BF4B-00C04F79EFBC}") = "DemoAppSunday12", "DemoAppSunday12\DemoAppSunday12.csproj", "{EAA59E3D-1F3E-4D20-9CD4-E1D4803C5716}"
EndProject
Global
	GlobalSection(SolutionConfigurationPlatforms) = preSolution
		Debug|Any CPU = Debug|Any CPU
		Release|Any CPU = Release|Any CPU
	EndGlobalSection
	GlobalSection(ProjectConfigurationPlatforms) = postSolution
		{EAA59E3D-1F3E-4D20-9CD4-E1D4803C5716}.Debug|Any CPU.ActiveCfg = Debug|Any CPU
		{EAA59E3D-1F3E-4D20-9CD4-E1D4803C5716}.Debug|Any CPU.Build.0 = Debug|Any CPU
		{EAA59E3D-1F3E-4D20-9CD4-E1D4803C5716}.Release|Any CPU.ActiveCfg = Release|Any CPU
		{EAA59E3D-1F3E-4D20-9CD4-E1D4803C5716}.Release|Any CPU.Build.0 = Release|Any CPU
	EndGlobalSection
	GlobalSection(SolutionProperties) = preSolution
		HideSolutionNode = FALSE
	EndGlobalSection
	GlobalSection(ExtensibilityGlobals) = postSolution
		SolutionGuid = {1C43C26D-BC90-42DD-89FF-C9956E3C4663}
	EndGlobalSection
EndGlobal
